
Microsoft Visual Studio Solution File, Format Version 12.00
# Visual Studio Version 16
VisualStudioVersion = 16.0.34301.259
MinimumVisualStudioVersion = 10.0.40219.1
Project("{8BC9CEB8-8B4A-11D0-8D11-00A0C91BC942}") = "240226_Baekjoon", "240226_Baekjoon\240226_Baekjoon.vcxproj", "{0A47253D-D11D-4E09-B365-49ADD47356C7}"
EndProject
Global
	GlobalSection(SolutionConfigurationPlatforms) = preSolution
		Debug|x64 = Debug|x64
		Debug|x86 = Debug|x86
		Release|x64 = Release|x64
		Release|x86 = Release|x86
	EndGlobalSection
	GlobalSection(ProjectConfigurationPlatforms) = postSolution
		{0A47253D-D11D-4E09-B365-49ADD47356C7}.Debug|x64.ActiveCfg = Debug|x64
		{0A47253D-D11D-4E09-B365-49ADD47356C7}.Debug|x64.Build.0 = Debug|x64
		{0A47253D-D11D-4E09-B365-49ADD47356C7}.Debug|x86.ActiveCfg = Debug|Win32
		{0A47253D-D11D-4E09-B365-49ADD47356C7}.Debug|x86.Build.0 = Debug|Win32
		{0A47253D-D11D-4E09-B365-49ADD47356C7}.Release|x64.ActiveCfg = Release|x64
		{0A47253D-D11D-4E09-B365-49ADD47356C7}.Release|x64.Build.0 = Release|x64
		{0A47253D-D11D-4E09-B365-49ADD47356C7}.Release|x86.ActiveCfg = Release|Win32
		{0A47253D-D11D-4E09-B365-49ADD47356C7}.Release|x86.Build.0 = Release|Win32
	EndGlobalSection
	GlobalSection(SolutionProperties) = preSolution
		HideSolutionNode = FALSE
	EndGlobalSection
	GlobalSection(ExtensibilityGlobals) = postSolution
		SolutionGuid = {11B636BA-3038-43F6-88D6-57478C05E2BE}
	EndGlobalSection
EndGlobal
